{
  "name": "threads-js",
  "version": "1.0.0",
  "lockfileVersion": 1,
  "requires": true,
  "dependencies": {
    "line-by-line": {
      "version": "0.1.6",
      "resolved": "https://registry.npmjs.org/line-by-line/-/line-by-line-0.1.6.tgz",
      "integrity": "sha512-MmwVPfOyp0lWnEZ3fBA8Ah4pMFvxO6WgWovqZNu7Y4J0TNnGcsV4S1LzECHbdgqk1hoHc2mFP1Axc37YUqwafg=="
    },
    "node-worker-threads-pool": {
      "version": "1.5.1",
      "resolved": "https://registry.npmjs.org/node-worker-threads-pool/-/node-worker-threads-pool-1.5.1.tgz",
      "integrity": "sha512-7TXAhpMm+jO4MfESxYLtMGSnJWv+itdNHMdaFmeZuPXxwFGU90mtEB42BciUULXOUAxYBfXILAuvrSG3rQZ7mw=="
    }
  }
}
